{
  "version": 4,
  "terraform_version": "1.6.1",
  "serial": 14,
  "lineage": "f4fbe42e-69cf-911b-888f-0b38bac5f36c",
  "outputs": {
    "key_data": {
      "value": "ssh-rsa AAAAB3NzaC1yc2EAAAADAQABAAABgQDXL1cpGJseC+h4/+O/AqiWmjkhF5VMknyfj8wCpYgp+j9kS3+0/lB2LFgwZ2Ru1GPppmkznKcF8NFN+vX4ntiWtjLlM8sKgOJPwk8POuY/uos0dA8fAq6LQQ0N8+FA/vB+84NWegZJ/BGEV762HZdQ06J1nopBQKziQi2+vj+1SwnYOTuNnnSUhuQ6/G4NatYSWJhVSNxjHm8hi/GJwerO/M7GRWxyU3PQ16yXYqpDEjaO2gpDj6ks6JmIhsaeYFNUR3BWeduQt3T5kXc3BgLyiU/LHlE+GJQsyEUQYZmQ8I1y+Bb4zGBkRRPo6DKl6FgynukJFzlGkMkT9p/TUZT9A+wZHIvQiKHA5keK8ZGKDWjKw4tk9w5UutZDjTLhvh0quc5HGYWTFWYNLaXxM3HrvHBw4rxGDSPu9HOZGkpRqokpqV8HnBiinaEXDLvilah2b1Bm7p5uvs/Q1+FQmY69nxdUkrvqJHFL9vy/fGXcm/pRLDsaiwZbVrLw+/pcAfk= generated-by-azure",
      "type": "string"
    },
    "public_ip_address": {
      "value": "4.246.148.226",
      "type": "string"
    },
    "resource_group_name": {
      "value": "rg-accurate-mutt",
      "type": "string"
    }
  },
  "resources": [
    {
      "mode": "managed",
      "type": "azapi_resource",
      "name": "ssh_public_key",
      "provider": "provider[\"registry.terraform.io/azure/azapi\"]",
      "instances": [
        {
          "schema_version": 0,
          "attributes": {
            "body": "{}",
            "id": "/subscriptions/f1ea0346-b8d9-424f-a96b-9641f14fe55a/resourceGroups/rg-accurate-mutt/providers/Microsoft.Compute/sshPublicKeys/sshoutgoingterrier",
            "identity": [],
            "ignore_body_changes": null,
            "ignore_casing": false,
            "ignore_missing_property": true,
            "location": "eastus",
            "locks": null,
            "name": "sshoutgoingterrier",
            "output": "{}",
            "parent_id": "/subscriptions/f1ea0346-b8d9-424f-a96b-9641f14fe55a/resourceGroups/rg-accurate-mutt",
            "removing_special_chars": false,
            "response_export_values": null,
            "schema_validation_enabled": true,
            "tags": {},
            "timeouts": null,
            "type": "Microsoft.Compute/sshPublicKeys@2022-11-01"
          },
          "sensitive_attributes": [],
          "private": "eyJlMmJmYjczMC1lY2FhLTExZTYtOGY4OC0zNDM2M2JjN2M0YzAiOnsiY3JlYXRlIjoxODAwMDAwMDAwMDAwLCJkZWxldGUiOjE4MDAwMDAwMDAwMDAsInJlYWQiOjMwMDAwMDAwMDAwMCwidXBkYXRlIjoxODAwMDAwMDAwMDAwfX0=",
          "dependencies": [
            "azurerm_resource_group.rg",
            "random_pet.rg_name",
            "random_pet.ssh_key_name"
          ]
        }
      ]
    },
    {
      "mode": "managed",
      "type": "azapi_resource_action",
      "name": "ssh_public_key_gen",
      "provider": "provider[\"registry.terraform.io/azure/azapi\"]",
      "instances": [
        {
          "schema_version": 0,
          "attributes": {
            "action": "generateKeyPair",
            "body": null,
            "id": "/subscriptions/f1ea0346-b8d9-424f-a96b-9641f14fe55a/resourceGroups/rg-accurate-mutt/providers/Microsoft.Compute/sshPublicKeys/sshoutgoingterrier/generateKeyPair",
            "locks": null,
            "method": "POST",
            "output": "{\"privateKey\":\"-----BEGIN RSA PRIVATE KEY-----\\r\\nMIIG4gIBAAKCAYEA1y9XKRibHgvoeP/jvwKolpo5IReVTJJ8n4/MAqWIKfo/ZEt/\\r\\ntP5QdixYMGdkbtRj6aZpM5ynBfDRTfr1+J7YlrYy5TPLCoDiT8JPDzrmP7qLNHQP\\r\\nHwKui0ENDfPhQP7wfvODVnoGSfwRhFe+th2XUNOidZ6KQUCs4kItvr4/tUsJ2Dk7\\r\\njZ50lIbkOvxuDWrWEliYVUjcYx5vIYvxicHqzvzOxkVsclNz0Nesl2KqQxI2jtoK\\r\\nQ4+pLOiZiIbGnmBTVEdwVnnbkLd0+ZF3NwYC8olPyx5RPhiULMhFEGGZkPCNcvgW\\r\\n+MxgZEUT6OgypehYMp7pCRc5RpDJE/af01GU/QPsGRyL0IihwOZHivGRig1oysOL\\r\\nZPcOVLrWQ40y4b4dKrnORxmFkxVmDS2l8TNx67xwcOK8Rg0j7vRzmRpKUaqJKalf\\r\\nB5wYop2hFwy74pWodm9QZu6ebr7P0NfhUJmOvZ8XVJK76iRxS/b8v3xl3Jv6USw7\\r\\nGosGW1ay8Pv6XAH5AgMBAAECggGAM7rqvjNvHvMH6QbDLmkqNEJRF5Z+ytCwav97\\r\\nsOswZ78EPE02H0HAABi6/q/sYgRnHIVn5wNy16fD+XYqaaFuOhUE+TrRRe4j+b6h\\r\\nmOy0638h9fMsq2zOnyV9SOxnK2PeVvadjU16c5DIeUNK0qcceE7YUGRToko1BZOZ\\r\\nQbCkyiWG8VcY7Pu51Pb0qQWEQ296lSB9Rotkh+OKHctxvodCto3p+5o27ukG/57J\\r\\nm/8ZJVScjwz1yLYhmm00c7DK0Mog7VmsfY/f6EM87AmzBY7wD9Xcis4e3TKKLH90\\r\\nsfl8w4xuEhpN09/ziDYHmIjXrh/NlTJKZBXzO8bDIxHk1deLWU4y5REj2VPvfSyi\\r\\nDSFNAzc+sTzbcW/U9+rUdyigMXwt4EkYDbFcIMPmUmFPYitL1/2VovNh6CqFCAmW\\r\\n24lzA17xGExhFOpT4S8XNe0Ta83ZAB8AvU+rfUZNJlTdzPUOH2EnUj4Tg1c7LuCD\\r\\nN8dGY3eqPzneXdrLKBa+Aj2pkMBNAoHBAOo5/+z5CnywMFVHbYNE+Sx6bjXLM1QM\\r\\nMOADJ6REGVc35hmLCfGuGSRGKu+2IJbz55hOz88r5t1TSFLuI0iOwuK/beZD3m9U\\r\\nUNkKwo6uJ1O6UHc/d/IiRXo3ixSVkQOsDApscCg7n6EOxPZRploDdve8VEOe26g5\\r\\ne/pxLiR5CkAZgNezADgsxdWZs07FV7ulWOxhmX1HYQ6UEcarPMR42FzkWoA8u07I\\r\\nBPdQ75qYfojsQQGQdEBbm2lAxz5JXxjw+wKBwQDrMDKprhgycZ0UXQgjWf6Qz+Df\\r\\nr0kVCUMYGOxT4qK8w8pTCLtbvuQlVqxKi9d7ZDyGfcwBe0f72nOcia6shRagU9xv\\r\\n+U5l1rnSjabJakNzTVxV/jk0vXHYYzZaSQAoUlM4AnzVk/Pq1+3DTDduER+jZj1p\\r\\nxoD/5c2DaTW9rfbSaHvxWwJh3MuFbG9NJAc1+xISDlm4fnVetT2Eguv64cu0me+m\\r\\nNyIz4GMycyiVZ75mfES+aEInGr/ELzPHLTDPLpsCgcAC0eHv42up5qEeVbbOzsTF\\r\\nMVAkW6bpiyAHgmI2yw8XCrg9dHwRKcxpsGKR8jpgNt2B6uj7kIa+AWOsg+tu0zEr\\r\\nc6yKCiUiZ/x1MHj5KMWWb3bKiLwT8S+u8f49qDNPvQGEGpwbD+SzFq9uW7tJ+CK1\\r\\nhtHo4n+4fcCtWjF5BPAHp4bykdgd1QQotyn+d8e/nZT9e4tSg8p6V3QDVUps/xtz\\r\\nutgQFSsYHrZYl+Pak51qXpXFxAxyPegYE0ySxmVbsoMCgcB1X5l5KyRyUFcnaYJ9\\r\\nOhWcqdI9cBpWAEhWx2FyP+IduMzJgcsXb34m0Emt7np83zqBmFhuyNrU62HVVrUw\\r\\n7j6rhw61Z0Nj+bTFSuJZFMpSyeHyHKzqED2301O13UbR2LwlcMBiSrNpmZfUZr4n\\r\\nFS6n+oddua55h3N4SNKENkS/H1vzyQq4UlvT25j0c62RmBqdnkHSnHHw8RyhfEFO\\r\\n9M8X89cxKcTNBQgcjnJLlfnk5dHdAOU65NOdkj0SAxCf5U8CgcAMvcfzJSQ/VSsr\\r\\ny36vRDBunALDF5dRvsH5WbEhU47gLsfV2vLn2ceuMtR9GYR3BkHInWviI9k0ZMKx\\r\\nzejoXi/ursMSQMS0Og7GmtT/nV1vWbHGP3bNxTNysyD4BE8siEchi4zB2GVAceVa\\r\\nRRpVez9E3t1DZ6cHGBzggvIwSpOZ0NecbllXAGGYz4v2xhxfwGRrcXv2KyPj5ON1\\r\\nF/P2uYue99Dl0JFxRecMkpkX0BLcsKtRNqSxdK7AuVK7BGO34/Y=\\r\\n-----END RSA PRIVATE KEY-----\\r\\n\",\"publicKey\":\"ssh-rsa AAAAB3NzaC1yc2EAAAADAQABAAABgQDXL1cpGJseC+h4/+O/AqiWmjkhF5VMknyfj8wCpYgp+j9kS3+0/lB2LFgwZ2Ru1GPppmkznKcF8NFN+vX4ntiWtjLlM8sKgOJPwk8POuY/uos0dA8fAq6LQQ0N8+FA/vB+84NWegZJ/BGEV762HZdQ06J1nopBQKziQi2+vj+1SwnYOTuNnnSUhuQ6/G4NatYSWJhVSNxjHm8hi/GJwerO/M7GRWxyU3PQ16yXYqpDEjaO2gpDj6ks6JmIhsaeYFNUR3BWeduQt3T5kXc3BgLyiU/LHlE+GJQsyEUQYZmQ8I1y+Bb4zGBkRRPo6DKl6FgynukJFzlGkMkT9p/TUZT9A+wZHIvQiKHA5keK8ZGKDWjKw4tk9w5UutZDjTLhvh0quc5HGYWTFWYNLaXxM3HrvHBw4rxGDSPu9HOZGkpRqokpqV8HnBiinaEXDLvilah2b1Bm7p5uvs/Q1+FQmY69nxdUkrvqJHFL9vy/fGXcm/pRLDsaiwZbVrLw+/pcAfk= generated-by-azure\"}",
            "resource_id": "/subscriptions/f1ea0346-b8d9-424f-a96b-9641f14fe55a/resourceGroups/rg-accurate-mutt/providers/Microsoft.Compute/sshPublicKeys/sshoutgoingterrier",
            "response_export_values": [
              "publicKey",
              "privateKey"
            ],
            "timeouts": null,
            "type": "Microsoft.Compute/sshPublicKeys@2022-11-01"
          },
          "sensitive_attributes": [],
          "private": "eyJlMmJmYjczMC1lY2FhLTExZTYtOGY4OC0zNDM2M2JjN2M0YzAiOnsiY3JlYXRlIjoxODAwMDAwMDAwMDAwLCJkZWxldGUiOjE4MDAwMDAwMDAwMDAsInJlYWQiOjMwMDAwMDAwMDAwMCwidXBkYXRlIjoxODAwMDAwMDAwMDAwfX0=",
          "dependencies": [
            "azapi_resource.ssh_public_key",
            "azurerm_resource_group.rg",
            "random_pet.rg_name",
            "random_pet.ssh_key_name"
          ]
        }
      ]
    },
    {
      "mode": "managed",
      "type": "azurerm_linux_virtual_machine",
      "name": "my_terraform_vm",
      "provider": "provider[\"registry.terraform.io/hashicorp/azurerm\"]",
      "instances": [
        {
          "schema_version": 0,
          "attributes": {
            "additional_capabilities": [],
            "admin_password": null,
            "admin_ssh_key": [
              {
                "public_key": "ssh-rsa AAAAB3NzaC1yc2EAAAADAQABAAABgQDXL1cpGJseC+h4/+O/AqiWmjkhF5VMknyfj8wCpYgp+j9kS3+0/lB2LFgwZ2Ru1GPppmkznKcF8NFN+vX4ntiWtjLlM8sKgOJPwk8POuY/uos0dA8fAq6LQQ0N8+FA/vB+84NWegZJ/BGEV762HZdQ06J1nopBQKziQi2+vj+1SwnYOTuNnnSUhuQ6/G4NatYSWJhVSNxjHm8hi/GJwerO/M7GRWxyU3PQ16yXYqpDEjaO2gpDj6ks6JmIhsaeYFNUR3BWeduQt3T5kXc3BgLyiU/LHlE+GJQsyEUQYZmQ8I1y+Bb4zGBkRRPo6DKl6FgynukJFzlGkMkT9p/TUZT9A+wZHIvQiKHA5keK8ZGKDWjKw4tk9w5UutZDjTLhvh0quc5HGYWTFWYNLaXxM3HrvHBw4rxGDSPu9HOZGkpRqokpqV8HnBiinaEXDLvilah2b1Bm7p5uvs/Q1+FQmY69nxdUkrvqJHFL9vy/fGXcm/pRLDsaiwZbVrLw+/pcAfk= generated-by-azure",
                "username": "azureadmin"
              }
            ],
            "admin_username": "azureadmin",
            "allow_extension_operations": true,
            "availability_set_id": "",
            "boot_diagnostics": [
              {
                "storage_account_uri": "https://diag33ebaaa54f8b8a4b.blob.core.windows.net/"
              }
            ],
            "computer_name": "hostname",
            "custom_data": null,
            "dedicated_host_group_id": "",
            "dedicated_host_id": "",
            "disable_password_authentication": true,
            "encryption_at_host_enabled": false,
            "eviction_policy": "",
            "extensions_time_budget": "PT1H30M",
            "id": "/subscriptions/f1ea0346-b8d9-424f-a96b-9641f14fe55a/resourceGroups/rg-accurate-mutt/providers/Microsoft.Compute/virtualMachines/myVM",
            "identity": [],
            "license_type": "",
            "location": "eastus",
            "max_bid_price": -1,
            "name": "myVM",
            "network_interface_ids": [
              "/subscriptions/f1ea0346-b8d9-424f-a96b-9641f14fe55a/resourceGroups/rg-accurate-mutt/providers/Microsoft.Network/networkInterfaces/myNIC"
            ],
            "os_disk": [
              {
                "caching": "ReadWrite",
                "diff_disk_settings": [],
                "disk_encryption_set_id": "",
                "disk_size_gb": 30,
                "name": "myOsDisk",
                "storage_account_type": "Premium_LRS",
                "write_accelerator_enabled": false
              }
            ],
            "patch_mode": "ImageDefault",
            "plan": [],
            "platform_fault_domain": -1,
            "priority": "Regular",
            "private_ip_address": "10.0.1.4",
            "private_ip_addresses": [
              "10.0.1.4"
            ],
            "provision_vm_agent": true,
            "proximity_placement_group_id": "",
            "public_ip_address": "4.246.148.226",
            "public_ip_addresses": [
              "4.246.148.226"
            ],
            "resource_group_name": "rg-accurate-mutt",
            "secret": [],
            "secure_boot_enabled": false,
            "size": "Standard_DS1_v2",
            "source_image_id": "",
            "source_image_reference": [
              {
                "offer": "0001-com-ubuntu-server-jammy",
                "publisher": "Canonical",
                "sku": "22_04-lts-gen2",
                "version": "latest"
              }
            ],
            "tags": null,
            "timeouts": null,
            "user_data": "",
            "virtual_machine_id": "a1523164-1a01-438d-adc6-9cfa372e9dd5",
            "virtual_machine_scale_set_id": "",
            "vtpm_enabled": false,
            "zone": ""
          },
          "sensitive_attributes": [],
          "private": "eyJlMmJmYjczMC1lY2FhLTExZTYtOGY4OC0zNDM2M2JjN2M0YzAiOnsiY3JlYXRlIjoyNzAwMDAwMDAwMDAwLCJkZWxldGUiOjI3MDAwMDAwMDAwMDAsInJlYWQiOjMwMDAwMDAwMDAwMCwidXBkYXRlIjoyNzAwMDAwMDAwMDAwfX0=",
          "dependencies": [
            "azapi_resource.ssh_public_key",
            "azapi_resource_action.ssh_public_key_gen",
            "azurerm_network_interface.my_terraform_nic",
            "azurerm_public_ip.my_terraform_public_ip",
            "azurerm_resource_group.rg",
            "azurerm_storage_account.my_storage_account",
            "azurerm_subnet.my_terraform_subnet",
            "azurerm_virtual_network.my_terraform_network",
            "random_id.random_id",
            "random_pet.rg_name",
            "random_pet.ssh_key_name"
          ]
        }
      ]
    },
    {
      "mode": "managed",
      "type": "azurerm_network_interface",
      "name": "my_terraform_nic",
      "provider": "provider[\"registry.terraform.io/hashicorp/azurerm\"]",
      "instances": [
        {
          "schema_version": 0,
          "attributes": {
            "applied_dns_servers": [],
            "dns_servers": [],
            "enable_accelerated_networking": false,
            "enable_ip_forwarding": false,
            "id": "/subscriptions/f1ea0346-b8d9-424f-a96b-9641f14fe55a/resourceGroups/rg-accurate-mutt/providers/Microsoft.Network/networkInterfaces/myNIC",
            "internal_dns_name_label": "",
            "internal_domain_name_suffix": "by3sllnpakaunfyjree4dz1q0f.bx.internal.cloudapp.net",
            "ip_configuration": [
              {
                "gateway_load_balancer_frontend_ip_configuration_id": "",
                "name": "my_nic_configuration",
                "primary": true,
                "private_ip_address": "10.0.1.4",
                "private_ip_address_allocation": "Dynamic",
                "private_ip_address_version": "IPv4",
                "public_ip_address_id": "/subscriptions/f1ea0346-b8d9-424f-a96b-9641f14fe55a/resourceGroups/rg-accurate-mutt/providers/Microsoft.Network/publicIPAddresses/myPublicIP",
                "subnet_id": "/subscriptions/f1ea0346-b8d9-424f-a96b-9641f14fe55a/resourceGroups/rg-accurate-mutt/providers/Microsoft.Network/virtualNetworks/myVnet/subnets/mySubnet"
              }
            ],
            "location": "eastus",
            "mac_address": "",
            "name": "myNIC",
            "private_ip_address": "10.0.1.4",
            "private_ip_addresses": [
              "10.0.1.4"
            ],
            "resource_group_name": "rg-accurate-mutt",
            "tags": null,
            "timeouts": null,
            "virtual_machine_id": ""
          },
          "sensitive_attributes": [],
          "private": "eyJlMmJmYjczMC1lY2FhLTExZTYtOGY4OC0zNDM2M2JjN2M0YzAiOnsiY3JlYXRlIjoxODAwMDAwMDAwMDAwLCJkZWxldGUiOjE4MDAwMDAwMDAwMDAsInJlYWQiOjMwMDAwMDAwMDAwMCwidXBkYXRlIjoxODAwMDAwMDAwMDAwfX0=",
          "dependencies": [
            "azurerm_public_ip.my_terraform_public_ip",
            "azurerm_resource_group.rg",
            "azurerm_subnet.my_terraform_subnet",
            "azurerm_virtual_network.my_terraform_network",
            "random_pet.rg_name"
          ]
        }
      ]
    },
    {
      "mode": "managed",
      "type": "azurerm_network_interface_security_group_association",
      "name": "example",
      "provider": "provider[\"registry.terraform.io/hashicorp/azurerm\"]",
      "instances": [
        {
          "schema_version": 0,
          "attributes": {
            "id": "/subscriptions/f1ea0346-b8d9-424f-a96b-9641f14fe55a/resourceGroups/rg-accurate-mutt/providers/Microsoft.Network/networkInterfaces/myNIC|/subscriptions/f1ea0346-b8d9-424f-a96b-9641f14fe55a/resourceGroups/rg-accurate-mutt/providers/Microsoft.Network/networkSecurityGroups/myNetworkSecurityGroup",
            "network_interface_id": "/subscriptions/f1ea0346-b8d9-424f-a96b-9641f14fe55a/resourceGroups/rg-accurate-mutt/providers/Microsoft.Network/networkInterfaces/myNIC",
            "network_security_group_id": "/subscriptions/f1ea0346-b8d9-424f-a96b-9641f14fe55a/resourceGroups/rg-accurate-mutt/providers/Microsoft.Network/networkSecurityGroups/myNetworkSecurityGroup",
            "timeouts": null
          },
          "sensitive_attributes": [],
          "private": "eyJlMmJmYjczMC1lY2FhLTExZTYtOGY4OC0zNDM2M2JjN2M0YzAiOnsiY3JlYXRlIjoxODAwMDAwMDAwMDAwLCJkZWxldGUiOjE4MDAwMDAwMDAwMDAsInJlYWQiOjMwMDAwMDAwMDAwMCwidXBkYXRlIjoxODAwMDAwMDAwMDAwfX0=",
          "dependencies": [
            "azurerm_network_interface.my_terraform_nic",
            "azurerm_network_security_group.my_terraform_nsg",
            "azurerm_public_ip.my_terraform_public_ip",
            "azurerm_resource_group.rg",
            "azurerm_subnet.my_terraform_subnet",
            "azurerm_virtual_network.my_terraform_network",
            "random_pet.rg_name"
          ]
        }
      ]
    },
    {
      "mode": "managed",
      "type": "azurerm_network_security_group",
      "name": "my_terraform_nsg",
      "provider": "provider[\"registry.terraform.io/hashicorp/azurerm\"]",
      "instances": [
        {
          "schema_version": 0,
          "attributes": {
            "id": "/subscriptions/f1ea0346-b8d9-424f-a96b-9641f14fe55a/resourceGroups/rg-accurate-mutt/providers/Microsoft.Network/networkSecurityGroups/myNetworkSecurityGroup",
            "location": "eastus",
            "name": "myNetworkSecurityGroup",
            "resource_group_name": "rg-accurate-mutt",
            "security_rule": [
              {
                "access": "Allow",
                "description": "",
                "destination_address_prefix": "*",
                "destination_address_prefixes": [],
                "destination_application_security_group_ids": [],
                "destination_port_range": "22",
                "destination_port_ranges": [],
                "direction": "Inbound",
                "name": "SSH",
                "priority": 1001,
                "protocol": "Tcp",
                "source_address_prefix": "*",
                "source_address_prefixes": [],
                "source_application_security_group_ids": [],
                "source_port_range": "*",
                "source_port_ranges": []
              }
            ],
            "tags": null,
            "timeouts": null
          },
          "sensitive_attributes": [],
          "private": "eyJlMmJmYjczMC1lY2FhLTExZTYtOGY4OC0zNDM2M2JjN2M0YzAiOnsiY3JlYXRlIjoxODAwMDAwMDAwMDAwLCJkZWxldGUiOjE4MDAwMDAwMDAwMDAsInJlYWQiOjMwMDAwMDAwMDAwMCwidXBkYXRlIjoxODAwMDAwMDAwMDAwfX0=",
          "dependencies": [
            "azurerm_resource_group.rg",
            "random_pet.rg_name"
          ]
        }
      ]
    },
    {
      "mode": "managed",
      "type": "azurerm_public_ip",
      "name": "my_terraform_public_ip",
      "provider": "provider[\"registry.terraform.io/hashicorp/azurerm\"]",
      "instances": [
        {
          "schema_version": 0,
          "attributes": {
            "allocation_method": "Dynamic",
            "availability_zone": "No-Zone",
            "domain_name_label": null,
            "fqdn": null,
            "id": "/subscriptions/f1ea0346-b8d9-424f-a96b-9641f14fe55a/resourceGroups/rg-accurate-mutt/providers/Microsoft.Network/publicIPAddresses/myPublicIP",
            "idle_timeout_in_minutes": 4,
            "ip_address": "",
            "ip_tags": null,
            "ip_version": "IPv4",
            "location": "eastus",
            "name": "myPublicIP",
            "public_ip_prefix_id": null,
            "resource_group_name": "rg-accurate-mutt",
            "reverse_fqdn": null,
            "sku": "Basic",
            "sku_tier": "Regional",
            "tags": null,
            "timeouts": null,
            "zones": []
          },
          "sensitive_attributes": [],
          "private": "eyJlMmJmYjczMC1lY2FhLTExZTYtOGY4OC0zNDM2M2JjN2M0YzAiOnsiY3JlYXRlIjoxODAwMDAwMDAwMDAwLCJkZWxldGUiOjE4MDAwMDAwMDAwMDAsInJlYWQiOjMwMDAwMDAwMDAwMCwidXBkYXRlIjoxODAwMDAwMDAwMDAwfX0=",
          "dependencies": [
            "azurerm_resource_group.rg",
            "random_pet.rg_name"
          ]
        }
      ]
    },
    {
      "mode": "managed",
      "type": "azurerm_resource_group",
      "name": "rg",
      "provider": "provider[\"registry.terraform.io/hashicorp/azurerm\"]",
      "instances": [
        {
          "schema_version": 0,
          "attributes": {
            "id": "/subscriptions/f1ea0346-b8d9-424f-a96b-9641f14fe55a/resourceGroups/rg-accurate-mutt",
            "location": "eastus",
            "name": "rg-accurate-mutt",
            "tags": null,
            "timeouts": null
          },
          "sensitive_attributes": [],
          "private": "eyJlMmJmYjczMC1lY2FhLTExZTYtOGY4OC0zNDM2M2JjN2M0YzAiOnsiY3JlYXRlIjo1NDAwMDAwMDAwMDAwLCJkZWxldGUiOjU0MDAwMDAwMDAwMDAsInJlYWQiOjMwMDAwMDAwMDAwMCwidXBkYXRlIjo1NDAwMDAwMDAwMDAwfX0=",
          "dependencies": [
            "random_pet.rg_name"
          ]
        }
      ]
    },
    {
      "mode": "managed",
      "type": "azurerm_storage_account",
      "name": "my_storage_account",
      "provider": "provider[\"registry.terraform.io/hashicorp/azurerm\"]",
      "instances": [
        {
          "schema_version": 2,
          "attributes": {
            "access_tier": "Hot",
            "account_kind": "StorageV2",
            "account_replication_type": "LRS",
            "account_tier": "Standard",
            "allow_blob_public_access": false,
            "azure_files_authentication": [],
            "blob_properties": [
              {
                "change_feed_enabled": false,
                "container_delete_retention_policy": [],
                "cors_rule": [],
                "default_service_version": "",
                "delete_retention_policy": [],
                "last_access_time_enabled": false,
                "versioning_enabled": false
              }
            ],
            "custom_domain": [],
            "customer_managed_key": [],
            "enable_https_traffic_only": true,
            "id": "/subscriptions/f1ea0346-b8d9-424f-a96b-9641f14fe55a/resourceGroups/rg-accurate-mutt/providers/Microsoft.Storage/storageAccounts/diag33ebaaa54f8b8a4b",
            "identity": [],
            "infrastructure_encryption_enabled": false,
            "is_hns_enabled": false,
            "large_file_share_enabled": null,
            "location": "eastus",
            "min_tls_version": "TLS1_0",
            "name": "diag33ebaaa54f8b8a4b",
            "network_rules": [
              {
                "bypass": [
                  "AzureServices"
                ],
                "default_action": "Allow",
                "ip_rules": [],
                "private_link_access": [],
                "virtual_network_subnet_ids": []
              }
            ],
            "nfsv3_enabled": false,
            "primary_access_key": "LSY/9t3DiiozzpJqOi1VYhcd5nJw2vpWngz2/muIoUFvlXnfwTTh8rJZKxCHyzhAojR9awplFEjC+AStZBZjAA==",
            "primary_blob_connection_string": "DefaultEndpointsProtocol=https;BlobEndpoint=https://diag33ebaaa54f8b8a4b.blob.core.windows.net/;AccountName=diag33ebaaa54f8b8a4b;AccountKey=LSY/9t3DiiozzpJqOi1VYhcd5nJw2vpWngz2/muIoUFvlXnfwTTh8rJZKxCHyzhAojR9awplFEjC+AStZBZjAA==",
            "primary_blob_endpoint": "https://diag33ebaaa54f8b8a4b.blob.core.windows.net/",
            "primary_blob_host": "diag33ebaaa54f8b8a4b.blob.core.windows.net",
            "primary_connection_string": "DefaultEndpointsProtocol=https;AccountName=diag33ebaaa54f8b8a4b;AccountKey=LSY/9t3DiiozzpJqOi1VYhcd5nJw2vpWngz2/muIoUFvlXnfwTTh8rJZKxCHyzhAojR9awplFEjC+AStZBZjAA==;EndpointSuffix=core.windows.net",
            "primary_dfs_endpoint": "https://diag33ebaaa54f8b8a4b.dfs.core.windows.net/",
            "primary_dfs_host": "diag33ebaaa54f8b8a4b.dfs.core.windows.net",
            "primary_file_endpoint": "https://diag33ebaaa54f8b8a4b.file.core.windows.net/",
            "primary_file_host": "diag33ebaaa54f8b8a4b.file.core.windows.net",
            "primary_location": "eastus",
            "primary_queue_endpoint": "https://diag33ebaaa54f8b8a4b.queue.core.windows.net/",
            "primary_queue_host": "diag33ebaaa54f8b8a4b.queue.core.windows.net",
            "primary_table_endpoint": "https://diag33ebaaa54f8b8a4b.table.core.windows.net/",
            "primary_table_host": "diag33ebaaa54f8b8a4b.table.core.windows.net",
            "primary_web_endpoint": "https://diag33ebaaa54f8b8a4b.z13.web.core.windows.net/",
            "primary_web_host": "diag33ebaaa54f8b8a4b.z13.web.core.windows.net",
            "queue_encryption_key_type": "Service",
            "queue_properties": [
              {
                "cors_rule": [],
                "hour_metrics": [
                  {
                    "enabled": true,
                    "include_apis": true,
                    "retention_policy_days": 7,
                    "version": "1.0"
                  }
                ],
                "logging": [
                  {
                    "delete": false,
                    "read": false,
                    "retention_policy_days": 0,
                    "version": "1.0",
                    "write": false
                  }
                ],
                "minute_metrics": [
                  {
                    "enabled": false,
                    "include_apis": false,
                    "retention_policy_days": 0,
                    "version": "1.0"
                  }
                ]
              }
            ],
            "resource_group_name": "rg-accurate-mutt",
            "routing": [],
            "secondary_access_key": "l2XIVIikmhpzkCNKC4KruMUVD8SjX7yHRBkw2475/xoiyQs796FclFqL+BZiw/EG5+mG1RLK8ZJY+AStHya4+g==",
            "secondary_blob_connection_string": "",
            "secondary_blob_endpoint": null,
            "secondary_blob_host": null,
            "secondary_connection_string": "DefaultEndpointsProtocol=https;AccountName=diag33ebaaa54f8b8a4b;AccountKey=l2XIVIikmhpzkCNKC4KruMUVD8SjX7yHRBkw2475/xoiyQs796FclFqL+BZiw/EG5+mG1RLK8ZJY+AStHya4+g==;EndpointSuffix=core.windows.net",
            "secondary_dfs_endpoint": null,
            "secondary_dfs_host": null,
            "secondary_file_endpoint": null,
            "secondary_file_host": null,
            "secondary_location": "",
            "secondary_queue_endpoint": null,
            "secondary_queue_host": null,
            "secondary_table_endpoint": null,
            "secondary_table_host": null,
            "secondary_web_endpoint": null,
            "secondary_web_host": null,
            "share_properties": [
              {
                "cors_rule": [],
                "retention_policy": [
                  {
                    "days": 7
                  }
                ],
                "smb": []
              }
            ],
            "shared_access_key_enabled": true,
            "static_website": [],
            "table_encryption_key_type": "Service",
            "tags": null,
            "timeouts": null
          },
          "sensitive_attributes": [],
          "private": "eyJlMmJmYjczMC1lY2FhLTExZTYtOGY4OC0zNDM2M2JjN2M0YzAiOnsiY3JlYXRlIjozNjAwMDAwMDAwMDAwLCJkZWxldGUiOjM2MDAwMDAwMDAwMDAsInJlYWQiOjMwMDAwMDAwMDAwMCwidXBkYXRlIjozNjAwMDAwMDAwMDAwfSwic2NoZW1hX3ZlcnNpb24iOiIyIn0=",
          "dependencies": [
            "azurerm_resource_group.rg",
            "random_id.random_id",
            "random_pet.rg_name"
          ]
        }
      ]
    },
    {
      "mode": "managed",
      "type": "azurerm_subnet",
      "name": "my_terraform_subnet",
      "provider": "provider[\"registry.terraform.io/hashicorp/azurerm\"]",
      "instances": [
        {
          "schema_version": 0,
          "attributes": {
            "address_prefix": "10.0.1.0/24",
            "address_prefixes": [
              "10.0.1.0/24"
            ],
            "delegation": [],
            "enforce_private_link_endpoint_network_policies": false,
            "enforce_private_link_service_network_policies": false,
            "id": "/subscriptions/f1ea0346-b8d9-424f-a96b-9641f14fe55a/resourceGroups/rg-accurate-mutt/providers/Microsoft.Network/virtualNetworks/myVnet/subnets/mySubnet",
            "name": "mySubnet",
            "resource_group_name": "rg-accurate-mutt",
            "service_endpoint_policy_ids": null,
            "service_endpoints": null,
            "timeouts": null,
            "virtual_network_name": "myVnet"
          },
          "sensitive_attributes": [],
          "private": "eyJlMmJmYjczMC1lY2FhLTExZTYtOGY4OC0zNDM2M2JjN2M0YzAiOnsiY3JlYXRlIjoxODAwMDAwMDAwMDAwLCJkZWxldGUiOjE4MDAwMDAwMDAwMDAsInJlYWQiOjMwMDAwMDAwMDAwMCwidXBkYXRlIjoxODAwMDAwMDAwMDAwfX0=",
          "dependencies": [
            "azurerm_resource_group.rg",
            "azurerm_virtual_network.my_terraform_network",
            "random_pet.rg_name"
          ]
        }
      ]
    },
    {
      "mode": "managed",
      "type": "azurerm_virtual_network",
      "name": "my_terraform_network",
      "provider": "provider[\"registry.terraform.io/hashicorp/azurerm\"]",
      "instances": [
        {
          "schema_version": 0,
          "attributes": {
            "address_space": [
              "10.0.0.0/16"
            ],
            "bgp_community": "",
            "ddos_protection_plan": [],
            "dns_servers": [],
            "flow_timeout_in_minutes": 0,
            "guid": "ad253b0e-02af-4681-9709-8909e1e770d5",
            "id": "/subscriptions/f1ea0346-b8d9-424f-a96b-9641f14fe55a/resourceGroups/rg-accurate-mutt/providers/Microsoft.Network/virtualNetworks/myVnet",
            "location": "eastus",
            "name": "myVnet",
            "resource_group_name": "rg-accurate-mutt",
            "subnet": [],
            "tags": null,
            "timeouts": null,
            "vm_protection_enabled": false
          },
          "sensitive_attributes": [],
          "private": "eyJlMmJmYjczMC1lY2FhLTExZTYtOGY4OC0zNDM2M2JjN2M0YzAiOnsiY3JlYXRlIjoxODAwMDAwMDAwMDAwLCJkZWxldGUiOjE4MDAwMDAwMDAwMDAsInJlYWQiOjMwMDAwMDAwMDAwMCwidXBkYXRlIjoxODAwMDAwMDAwMDAwfX0=",
          "dependencies": [
            "azurerm_resource_group.rg",
            "random_pet.rg_name"
          ]
        }
      ]
    },
    {
      "mode": "managed",
      "type": "random_id",
      "name": "random_id",
      "provider": "provider[\"registry.terraform.io/hashicorp/random\"]",
      "instances": [
        {
          "schema_version": 0,
          "attributes": {
            "b64_std": "M+uqpU+Liks=",
            "b64_url": "M-uqpU-Liks",
            "byte_length": 8,
            "dec": "3741271542442199627",
            "hex": "33ebaaa54f8b8a4b",
            "id": "M-uqpU-Liks",
            "keepers": {
              "resource_group": "rg-accurate-mutt"
            },
            "prefix": null
          },
          "sensitive_attributes": [],
          "dependencies": [
            "azurerm_resource_group.rg",
            "random_pet.rg_name"
          ]
        }
      ]
    },
    {
      "mode": "managed",
      "type": "random_pet",
      "name": "rg_name",
      "provider": "provider[\"registry.terraform.io/hashicorp/random\"]",
      "instances": [
        {
          "schema_version": 0,
          "attributes": {
            "id": "rg-accurate-mutt",
            "keepers": null,
            "length": 2,
            "prefix": "rg",
            "separator": "-"
          },
          "sensitive_attributes": []
        }
      ]
    },
    {
      "mode": "managed",
      "type": "random_pet",
      "name": "ssh_key_name",
      "provider": "provider[\"registry.terraform.io/hashicorp/random\"]",
      "instances": [
        {
          "schema_version": 0,
          "attributes": {
            "id": "sshoutgoingterrier",
            "keepers": null,
            "length": 2,
            "prefix": "ssh",
            "separator": ""
          },
          "sensitive_attributes": []
        }
      ]
    }
  ],
  "check_results": null
}
